// !$*UTF8*$!
{
	archiveVersion = 1;
	classes = {
	};
	objectVersion = 56;
	objects = {

/* Begin PBXBuildFile section */
		26290F102AD42578004D3B54 /* AppDelegate.swift in Sources */ = {isa = PBXBuildFile; fileRef = 26290F0F2AD42578004D3B54 /* AppDelegate.swift */; };
		26290F122AD42578004D3B54 /* SceneDelegate.swift in Sources */ = {isa = PBXBuildFile; fileRef = 26290F112AD42578004D3B54 /* SceneDelegate.swift */; };
		26290F142AD42578004D3B54 /* ViewController.swift in Sources */ = {isa = PBXBuildFile; fileRef = 26290F132AD42578004D3B54 /* ViewController.swift */; };
		26290F172AD42578004D3B54 /* Main.storyboard in Resources */ = {isa = PBXBuildFile; fileRef = 26290F152AD42578004D3B54 /* Main.storyboard */; };
		26290F192AD42579004D3B54 /* Assets.xcassets in Resources */ = {isa = PBXBuildFile; fileRef = 26290F182AD42579004D3B54 /* Assets.xcassets */; };
		26290F1C2AD42579004D3B54 /* LaunchScreen.storyboard in Resources */ = {isa = PBXBuildFile; fileRef = 26290F1A2AD42579004D3B54 /* LaunchScreen.storyboard */; };
		26290F272AD42579004D3B54 /* Century_Score_Manager_UIKitTests.swift in Sources */ = {isa = PBXBuildFile; fileRef = 26290F262AD42579004D3B54 /* Century_Score_Manager_UIKitTests.swift */; };
		26290F312AD42579004D3B54 /* Century_Score_Manager_UIKitUITests.swift in Sources */ = {isa = PBXBuildFile; fileRef = 26290F302AD42579004D3B54 /* Century_Score_Manager_UIKitUITests.swift */; };
		26290F332AD42579004D3B54 /* Century_Score_Manager_UIKitUITestsLaunchTests.swift in Sources */ = {isa = PBXBuildFile; fileRef = 26290F322AD42579004D3B54 /* Century_Score_Manager_UIKitUITestsLaunchTests.swift */; };
/* End PBXBuildFile section */

/* Begin PBXContainerItemProxy section */
		26290F232AD42579004D3B54 /* PBXContainerItemProxy */ = {
			isa = PBXContainerItemProxy;
			containerPortal = 26290F042AD42578004D3B54 /* Project object */;
			proxyType = 1;
			remoteGlobalIDString = 26290F0B2AD42578004D3B54;
			remoteInfo = "Century-Score-Manager-UIKit";
		};
		26290F2D2AD42579004D3B54 /* PBXContainerItemProxy */ = {
			isa = PBXContainerItemProxy;
			containerPortal = 26290F042AD42578004D3B54 /* Project object */;
			proxyType = 1;
			remoteGlobalIDString = 26290F0B2AD42578004D3B54;
			remoteInfo = "Century-Score-Manager-UIKit";
		};
/* End PBXContainerItemProxy section */

/* Begin PBXFileReference section */
		26290F0C2AD42578004D3B54 /* Century-Score-Manager-UIKit.app */ = {isa = PBXFileReference; explicitFileType = wrapper.application; includeInIndex = 0; path = "Century-Score-Manager-UIKit.app"; sourceTree = BUILT_PRODUCTS_DIR; };
		26290F0F2AD42578004D3B54 /* AppDelegate.swift */ = {isa = PBXFileReference; lastKnownFileType = sourcecode.swift; path = AppDelegate.swift; sourceTree = "<group>"; };
		26290F112AD42578004D3B54 /* SceneDelegate.swift */ = {isa = PBXFileReference; lastKnownFileType = sourcecode.swift; path = SceneDelegate.swift; sourceTree = "<group>"; };
		26290F132AD42578004D3B54 /* ViewController.swift */ = {isa = PBXFileReference; lastKnownFileType = sourcecode.swift; path = ViewController.swift; sourceTree = "<group>"; };
		26290F162AD42578004D3B54 /* Base */ = {isa = PBXFileReference; lastKnownFileType = file.storyboard; name = Base; path = Base.lproj/Main.storyboard; sourceTree = "<group>"; };
		26290F182AD42579004D3B54 /* Assets.xcassets */ = {isa = PBXFileReference; lastKnownFileType = folder.assetcatalog; path = Assets.xcassets; sourceTree = "<group>"; };
		26290F1B2AD42579004D3B54 /* Base */ = {isa = PBXFileReference; lastKnownFileType = file.storyboard; name = Base; path = Base.lproj/LaunchScreen.storyboard; sourceTree = "<group>"; };
		26290F1D2AD42579004D3B54 /* Info.plist */ = {isa = PBXFileReference; lastKnownFileType = text.plist.xml; path = Info.plist; sourceTree = "<group>"; };
		26290F222AD42579004D3B54 /* Century-Score-Manager-UIKitTests.xctest */ = {isa = PBXFileReference; explicitFileType = wrapper.cfbundle; includeInIndex = 0; path = "Century-Score-Manager-UIKitTests.xctest"; sourceTree = BUILT_PRODUCTS_DIR; };
		26290F262AD42579004D3B54 /* Century_Score_Manager_UIKitTests.swift */ = {isa = PBXFileReference; lastKnownFileType = sourcecode.swift; path = Century_Score_Manager_UIKitTests.swift; sourceTree = "<group>"; };
		26290F2C2AD42579004D3B54 /* Century-Score-Manager-UIKitUITests.xctest */ = {isa = PBXFileReference; explicitFileType = wrapper.cfbundle; includeInIndex = 0; path = "Century-Score-Manager-UIKitUITests.xctest"; sourceTree = BUILT_PRODUCTS_DIR; };
		26290F302AD42579004D3B54 /* Century_Score_Manager_UIKitUITests.swift */ = {isa = PBXFileReference; lastKnownFileType = sourcecode.swift; path = Century_Score_Manager_UIKitUITests.swift; sourceTree = "<group>"; };
		26290F322AD42579004D3B54 /* Century_Score_Manager_UIKitUITestsLaunchTests.swift */ = {isa = PBXFileReference; lastKnownFileType = sourcecode.swift; path = Century_Score_Manager_UIKitUITestsLaunchTests.swift; sourceTree = "<group>"; };
/* End PBXFileReference section */

/* Begin PBXFrameworksBuildPhase section */
		26290F092AD42578004D3B54 /* Frameworks */ = {
			isa = PBXFrameworksBuildPhase;
			buildActionMask = 2147483647;
			files = (
			);
			runOnlyForDeploymentPostprocessing = 0;
		};
		26290F1F2AD42579004D3B54 /* Frameworks */ = {
			isa = PBXFrameworksBuildPhase;
			buildActionMask = 2147483647;
			files = (
			);
			runOnlyForDeploymentPostprocessing = 0;
		};
		26290F292AD42579004D3B54 /* Frameworks */ = {
			isa = PBXFrameworksBuildPhase;
			buildActionMask = 2147483647;
			files = (
			);
			runOnlyForDeploymentPostprocessing = 0;
		};
/* End PBXFrameworksBuildPhase section */

/* Begin PBXGroup section */
		26290F032AD42578004D3B54 = {
			isa = PBXGroup;
			children = (
				26290F0E2AD42578004D3B54 /* Century-Score-Manager-UIKit */,
				26290F252AD42579004D3B54 /* Century-Score-Manager-UIKitTests */,
				26290F2F2AD42579004D3B54 /* Century-Score-Manager-UIKitUITests */,
				26290F0D2AD42578004D3B54 /* Products */,
			);
			sourceTree = "<group>";
		};
		26290F0D2AD42578004D3B54 /* Products */ = {
			isa = PBXGroup;
			children = (
				26290F0C2AD42578004D3B54 /* Century-Score-Manager-UIKit.app */,
				26290F222AD42579004D3B54 /* Century-Score-Manager-UIKitTests.xctest */,
				26290F2C2AD42579004D3B54 /* Century-Score-Manager-UIKitUITests.xctest */,
			);
			name = Products;
			sourceTree = "<group>";
		};
		26290F0E2AD42578004D3B54 /* Century-Score-Manager-UIKit */ = {
			isa = PBXGroup;
			children = (
				26290F0F2AD42578004D3B54 /* AppDelegate.swift */,
				26290F112AD42578004D3B54 /* SceneDelegate.swift */,
				26290F132AD42578004D3B54 /* ViewController.swift */,
				26290F152AD42578004D3B54 /* Main.storyboard */,
				26290F182AD42579004D3B54 /* Assets.xcassets */,
				26290F1A2AD42579004D3B54 /* LaunchScreen.storyboard */,
				26290F1D2AD42579004D3B54 /* Info.plist */,
			);
			path = "Century-Score-Manager-UIKit";
			sourceTree = "<group>";
		};
		26290F252AD42579004D3B54 /* Century-Score-Manager-UIKitTests */ = {
			isa = PBXGroup;
			children = (
				26290F262AD42579004D3B54 /* Century_Score_Manager_UIKitTests.swift */,
			);
			path = "Century-Score-Manager-UIKitTests";
			sourceTree = "<group>";
		};
		26290F2F2AD42579004D3B54 /* Century-Score-Manager-UIKitUITests */ = {
			isa = PBXGroup;
			children = (
				26290F302AD42579004D3B54 /* Century_Score_Manager_UIKitUITests.swift */,
				26290F322AD42579004D3B54 /* Century_Score_Manager_UIKitUITestsLaunchTests.swift */,
			);
			path = "Century-Score-Manager-UIKitUITests";
			sourceTree = "<group>";
		};
/* End PBXGroup section */

/* Begin PBXNativeTarget section */
		26290F0B2AD42578004D3B54 /* Century-Score-Manager-UIKit */ = {
			isa = PBXNativeTarget;
			buildConfigurationList = 26290F362AD42579004D3B54 /* Build configuration list for PBXNativeTarget "Century-Score-Manager-UIKit" */;
			buildPhases = (
				26290F082AD42578004D3B54 /* Sources */,
				26290F092AD42578004D3B54 /* Frameworks */,
				26290F0A2AD42578004D3B54 /* Resources */,
			);
			buildRules = (
			);
			dependencies = (
			);
			name = "Century-Score-Manager-UIKit";
			productName = "Century-Score-Manager-UIKit";
			productReference = 26290F0C2AD42578004D3B54 /* Century-Score-Manager-UIKit.app */;
			productType = "com.apple.product-type.application";
		};
		26290F212AD42579004D3B54 /* Century-Score-Manager-UIKitTests */ = {
			isa = PBXNativeTarget;
			buildConfigurationList = 26290F392AD42579004D3B54 /* Build configuration list for PBXNativeTarget "Century-Score-Manager-UIKitTests" */;
			buildPhases = (
				26290F1E2AD42579004D3B54 /* Sources */,
				26290F1F2AD42579004D3B54 /* Frameworks */,
				26290F202AD42579004D3B54 /* Resources */,
			);
			buildRules = (
			);
			dependencies = (
				26290F242AD42579004D3B54 /* PBXTargetDependency */,
			);
			name = "Century-Score-Manager-UIKitTests";
			productName = "Century-Score-Manager-UIKitTests";
			productReference = 26290F222AD42579004D3B54 /* Century-Score-Manager-UIKitTests.xctest */;
			productType = "com.apple.product-type.bundle.unit-test";
		};
		26290F2B2AD42579004D3B54 /* Century-Score-Manager-UIKitUITests */ = {
			isa = PBXNativeTarget;
			buildConfigurationList = 26290F3C2AD42579004D3B54 /* Build configuration list for PBXNativeTarget "Century-Score-Manager-UIKitUITests" */;
			buildPhases = (
				26290F282AD42579004D3B54 /* Sources */,
				26290F292AD42579004D3B54 /* Frameworks */,
				26290F2A2AD42579004D3B54 /* Resources */,
			);
			buildRules = (
			);
			dependencies = (
				26290F2E2AD42579004D3B54 /* PBXTargetDependency */,
			);
			name = "Century-Score-Manager-UIKitUITests";
			productName = "Century-Score-Manager-UIKitUITests";
			productReference = 26290F2C2AD42579004D3B54 /* Century-Score-Manager-UIKitUITests.xctest */;
			productType = "com.apple.product-type.bundle.ui-testing";
		};
/* End PBXNativeTarget section */

/* Begin PBXProject section */
		26290F042AD42578004D3B54 /* Project object */ = {
			isa = PBXProject;
			attributes = {
				BuildIndependentTargetsInParallel = 1;
				LastSwiftUpdateCheck = 1500;
				LastUpgradeCheck = 1500;
				TargetAttributes = {
					26290F0B2AD42578004D3B54 = {
						CreatedOnToolsVersion = 15.0;
					};
					26290F212AD42579004D3B54 = {
						CreatedOnToolsVersion = 15.0;
						TestTargetID = 26290F0B2AD42578004D3B54;
					};
					26290F2B2AD42579004D3B54 = {
						CreatedOnToolsVersion = 15.0;
						TestTargetID = 26290F0B2AD42578004D3B54;
					};
				};
			};
			buildConfigurationList = 26290F072AD42578004D3B54 /* Build configuration list for PBXProject "Century-Score-Manager-UIKit" */;
			compatibilityVersion = "Xcode 14.0";
			developmentRegion = en;
			hasScannedForEncodings = 0;
			knownRegions = (
				en,
				Base,
			);
			mainGroup = 26290F032AD42578004D3B54;
			productRefGroup = 26290F0D2AD42578004D3B54 /* Products */;
			projectDirPath = "";
			projectRoot = "";
			targets = (
				26290F0B2AD42578004D3B54 /* Century-Score-Manager-UIKit */,
				26290F212AD42579004D3B54 /* Century-Score-Manager-UIKitTests */,
				26290F2B2AD42579004D3B54 /* Century-Score-Manager-UIKitUITests */,
			);
		};
/* End PBXProject section */

/* Begin PBXResourcesBuildPhase section */
		26290F0A2AD42578004D3B54 /* Resources */ = {
			isa = PBXResourcesBuildPhase;
			buildActionMask = 2147483647;
			files = (
				26290F1C2AD42579004D3B54 /* LaunchScreen.storyboard in Resources */,
				26290F192AD42579004D3B54 /* Assets.xcassets in Resources */,
				26290F172AD42578004D3B54 /* Main.storyboard in Resources */,
			);
			runOnlyForDeploymentPostprocessing = 0;
		};
		26290F202AD42579004D3B54 /* Resources */ = {
			isa = PBXResourcesBuildPhase;
			buildActionMask = 2147483647;
			files = (
			);
			runOnlyForDeploymentPostprocessing = 0;
		};
		26290F2A2AD42579004D3B54 /* Resources */ = {
			isa = PBXResourcesBuildPhase;
			buildActionMask = 2147483647;
			files = (
			);
			runOnlyForDeploymentPostprocessing = 0;
		};
/* End PBXResourcesBuildPhase section */

/* Begin PBXSourcesBuildPhase section */
		26290F082AD42578004D3B54 /* Sources */ = {
			isa = PBXSourcesBuildPhase;
			buildActionMask = 2147483647;
			files = (
				26290F142AD42578004D3B54 /* ViewController.swift in Sources */,
				26290F102AD42578004D3B54 /* AppDelegate.swift in Sources */,
				26290F122AD42578004D3B54 /* SceneDelegate.swift in Sources */,
			);
			runOnlyForDeploymentPostprocessing = 0;
		};
		26290F1E2AD42579004D3B54 /* Sources */ = {
			isa = PBXSourcesBuildPhase;
			buildActionMask = 2147483647;
			files = (
				26290F272AD42579004D3B54 /* Century_Score_Manager_UIKitTests.swift in Sources */,
			);
			runOnlyForDeploymentPostprocessing = 0;
		};
		26290F282AD42579004D3B54 /* Sources */ = {
			isa = PBXSourcesBuildPhase;
			buildActionMask = 2147483647;
			files = (
				26290F312AD42579004D3B54 /* Century_Score_Manager_UIKitUITests.swift in Sources */,
				26290F332AD42579004D3B54 /* Century_Score_Manager_UIKitUITestsLaunchTests.swift in Sources */,
			);
			runOnlyForDeploymentPostprocessing = 0;
		};
/* End PBXSourcesBuildPhase section */

/* Begin PBXTargetDependency section */
		26290F242AD42579004D3B54 /* PBXTargetDependency */ = {
			isa = PBXTargetDependency;
			target = 26290F0B2AD42578004D3B54 /* Century-Score-Manager-UIKit */;
			targetProxy = 26290F232AD42579004D3B54 /* PBXContainerItemProxy */;
		};
		26290F2E2AD42579004D3B54 /* PBXTargetDependency */ = {
			isa = PBXTargetDependency;
			target = 26290F0B2AD42578004D3B54 /* Century-Score-Manager-UIKit */;
			targetProxy = 26290F2D2AD42579004D3B54 /* PBXContainerItemProxy */;
		};
/* End PBXTargetDependency section */

/* Begin PBXVariantGroup section */
		26290F152AD42578004D3B54 /* Main.storyboard */ = {
			isa = PBXVariantGroup;
			children = (
				26290F162AD42578004D3B54 /* Base */,
			);
			name = Main.storyboard;
			sourceTree = "<group>";
		};
		26290F1A2AD42579004D3B54 /* LaunchScreen.storyboard */ = {
			isa = PBXVariantGroup;
			children = (
				26290F1B2AD42579004D3B54 /* Base */,
			);
			name = LaunchScreen.storyboard;
			sourceTree = "<group>";
		};
/* End PBXVariantGroup section */

/* Begin XCBuildConfiguration section */
		26290F342AD42579004D3B54 /* Debug */ = {
			isa = XCBuildConfiguration;
			buildSettings = {
				ALWAYS_SEARCH_USER_PATHS = NO;
				ASSETCATALOG_COMPILER_GENERATE_SWIFT_ASSET_SYMBOL_EXTENSIONS = YES;
				CLANG_ANALYZER_NONNULL = YES;
				CLANG_ANALYZER_NUMBER_OBJECT_CONVERSION = YES_AGGRESSIVE;
				CLANG_CXX_LANGUAGE_STANDARD = "gnu++20";
				CLANG_ENABLE_MODULES = YES;
				CLANG_ENABLE_OBJC_ARC = YES;
				CLANG_ENABLE_OBJC_WEAK = YES;
				CLANG_WARN_BLOCK_CAPTURE_AUTORELEASING = YES;
				CLANG_WARN_BOOL_CONVERSION = YES;
				CLANG_WARN_COMMA = YES;
				CLANG_WARN_CONSTANT_CONVERSION = YES;
				CLANG_WARN_DEPRECATED_OBJC_IMPLEMENTATIONS = YES;
				CLANG_WARN_DIRECT_OBJC_ISA_USAGE = YES_ERROR;
				CLANG_WARN_DOCUMENTATION_COMMENTS = YES;
				CLANG_WARN_EMPTY_BODY = YES;
				CLANG_WARN_ENUM_CONVERSION = YES;
				CLANG_WARN_INFINITE_RECURSION = YES;
				CLANG_WARN_INT_CONVERSION = YES;
				CLANG_WARN_NON_LITERAL_NULL_CONVERSION = YES;
				CLANG_WARN_OBJC_IMPLICIT_RETAIN_SELF = YES;
				CLANG_WARN_OBJC_LITERAL_CONVERSION = YES;
				CLANG_WARN_OBJC_ROOT_CLASS = YES_ERROR;
				CLANG_WARN_QUOTED_INCLUDE_IN_FRAMEWORK_HEADER = YES;
				CLANG_WARN_RANGE_LOOP_ANALYSIS = YES;
				CLANG_WARN_STRICT_PROTOTYPES = YES;
				CLANG_WARN_SUSPICIOUS_MOVE = YES;
				CLANG_WARN_UNGUARDED_AVAILABILITY = YES_AGGRESSIVE;
				CLANG_WARN_UNREACHABLE_CODE = YES;
				CLANG_WARN__DUPLICATE_METHOD_MATCH = YES;
				COPY_PHASE_STRIP = NO;
				DEBUG_INFORMATION_FORMAT = dwarf;
				ENABLE_STRICT_OBJC_MSGSEND = YES;
				ENABLE_TESTABILITY = YES;
				ENABLE_USER_SCRIPT_SANDBOXING = YES;
				GCC_C_LANGUAGE_STANDARD = gnu17;
				GCC_DYNAMIC_NO_PIC = NO;
				GCC_NO_COMMON_BLOCKS = YES;
				GCC_OPTIMIZATION_LEVEL = 0;
				GCC_PREPROCESSOR_DEFINITIONS = (
					"DEBUG=1",
					"$(inherited)",
				);
				GCC_WARN_64_TO_32_BIT_CONVERSION = YES;
				GCC_WARN_ABOUT_RETURN_TYPE = YES_ERROR;
				GCC_WARN_UNDECLARED_SELECTOR = YES;
				GCC_WARN_UNINITIALIZED_AUTOS = YES_AGGRESSIVE;
				GCC_WARN_UNUSED_FUNCTION = YES;
				GCC_WARN_UNUSED_VARIABLE = YES;
				IPHONEOS_DEPLOYMENT_TARGET = 17.0;
				LOCALIZATION_PREFERS_STRING_CATALOGS = YES;
				MTL_ENABLE_DEBUG_INFO = INCLUDE_SOURCE;
				MTL_FAST_MATH = YES;
				ONLY_ACTIVE_ARCH = YES;
				SDKROOT = iphoneos;
				SWIFT_ACTIVE_COMPILATION_CONDITIONS = "DEBUG $(inherited)";
				SWIFT_OPTIMIZATION_LEVEL = "-Onone";
			};
			name = Debug;
		};
		26290F352AD42579004D3B54 /* Release */ = {
			isa = XCBuildConfiguration;
			buildSettings = {
				ALWAYS_SEARCH_USER_PATHS = NO;
				ASSETCATALOG_COMPILER_GENERATE_SWIFT_ASSET_SYMBOL_EXTENSIONS = YES;
				CLANG_ANALYZER_NONNULL = YES;
				CLANG_ANALYZER_NUMBER_OBJECT_CONVERSION = YES_AGGRESSIVE;
				CLANG_CXX_LANGUAGE_STANDARD = "gnu++20";
				CLANG_ENABLE_MODULES = YES;
				CLANG_ENABLE_OBJC_ARC = YES;
				CLANG_ENABLE_OBJC_WEAK = YES;
				CLANG_WARN_BLOCK_CAPTURE_AUTORELEASING = YES;
				CLANG_WARN_BOOL_CONVERSION = YES;
				CLANG_WARN_COMMA = YES;
				CLANG_WARN_CONSTANT_CONVERSION = YES;
				CLANG_WARN_DEPRECATED_OBJC_IMPLEMENTATIONS = YES;
				CLANG_WARN_DIRECT_OBJC_ISA_USAGE = YES_ERROR;
				CLANG_WARN_DOCUMENTATION_COMMENTS = YES;
				CLANG_WARN_EMPTY_BODY = YES;
				CLANG_WARN_ENUM_CONVERSION = YES;
				CLANG_WARN_INFINITE_RECURSION = YES;
				CLANG_WARN_INT_CONVERSION = YES;
				CLANG_WARN_NON_LITERAL_NULL_CONVERSION = YES;
				CLANG_WARN_OBJC_IMPLICIT_RETAIN_SELF = YES;
				CLANG_WARN_OBJC_LITERAL_CONVERSION = YES;
				CLANG_WARN_OBJC_ROOT_CLASS = YES_ERROR;
				CLANG_WARN_QUOTED_INCLUDE_IN_FRAMEWORK_HEADER = YES;
				CLANG_WARN_RANGE_LOOP_ANALYSIS = YES;
				CLANG_WARN_STRICT_PROTOTYPES = YES;
				CLANG_WARN_SUSPICIOUS_MOVE = YES;
				CLANG_WARN_UNGUARDED_AVAILABILITY = YES_AGGRESSIVE;
				CLANG_WARN_UNREACHABLE_CODE = YES;
				CLANG_WARN__DUPLICATE_METHOD_MATCH = YES;
				COPY_PHASE_STRIP = NO;
				DEBUG_INFORMATION_FORMAT = "dwarf-with-dsym";
				ENABLE_NS_ASSERTIONS = NO;
				ENABLE_STRICT_OBJC_MSGSEND = YES;
				ENABLE_USER_SCRIPT_SANDBOXING = YES;
				GCC_C_LANGUAGE_STANDARD = gnu17;
				GCC_NO_COMMON_BLOCKS = YES;
				GCC_WARN_64_TO_32_BIT_CONVERSION = YES;
				GCC_WARN_ABOUT_RETURN_TYPE = YES_ERROR;
				GCC_WARN_UNDECLARED_SELECTOR = YES;
				GCC_WARN_UNINITIALIZED_AUTOS = YES_AGGRESSIVE;
				GCC_WARN_UNUSED_FUNCTION = YES;
				GCC_WARN_UNUSED_VARIABLE = YES;
				IPHONEOS_DEPLOYMENT_TARGET = 17.0;
				LOCALIZATION_PREFERS_STRING_CATALOGS = YES;
				MTL_ENABLE_DEBUG_INFO = NO;
				MTL_FAST_MATH = YES;
				SDKROOT = iphoneos;
				SWIFT_COMPILATION_MODE = wholemodule;
				VALIDATE_PRODUCT = YES;
			};
			name = Release;
		};
		26290F372AD42579004D3B54 /* Debug */ = {
			isa = XCBuildConfiguration;
			buildSettings = {
				ASSETCATALOG_COMPILER_APPICON_NAME = AppIcon;
				ASSETCATALOG_COMPILER_GLOBAL_ACCENT_COLOR_NAME = AccentColor;
				CODE_SIGN_STYLE = Automatic;
				CURRENT_PROJECT_VERSION = 1;
				DEVELOPMENT_TEAM = C2V5J4RN72;
				GENERATE_INFOPLIST_FILE = YES;
				INFOPLIST_FILE = "Century-Score-Manager-UIKit/Info.plist";
				INFOPLIST_KEY_UIApplicationSupportsIndirectInputEvents = YES;
				INFOPLIST_KEY_UILaunchStoryboardName = LaunchScreen;
				INFOPLIST_KEY_UIMainStoryboardFile = Main;
				INFOPLIST_KEY_UISupportedInterfaceOrientations_iPad = "UIInterfaceOrientationPortrait UIInterfaceOrientationPortraitUpsideDown UIInterfaceOrientationLandscapeLeft UIInterfaceOrientationLandscapeRight";
				INFOPLIST_KEY_UISupportedInterfaceOrientations_iPhone = "UIInterfaceOrientationPortrait UIInterfaceOrientationLandscapeLeft UIInterfaceOrientationLandscapeRight";
				LD_RUNPATH_SEARCH_PATHS = (
					"$(inherited)",
					"@executable_path/Frameworks",
				);
				MARKETING_VERSION = 1.0;
				PRODUCT_BUNDLE_IDENTIFIER = "com.sideprojects.Century-Score-Manager-UIKit";
				PRODUCT_NAME = "$(TARGET_NAME)";
				SWIFT_EMIT_LOC_STRINGS = YES;
				SWIFT_VERSION = 5.0;
				TARGETED_DEVICE_FAMILY = "1,2";
			};
			name = Debug;
		};
		26290F382AD42579004D3B54 /* Release */ = {
			isa = XCBuildConfiguration;
			buildSettings = {
				ASSETCATALOG_COMPILER_APPICON_NAME = AppIcon;
				ASSETCATALOG_COMPILER_GLOBAL_ACCENT_COLOR_NAME = AccentColor;
				CODE_SIGN_STYLE = Automatic;
				CURRENT_PROJECT_VERSION = 1;
				DEVELOPMENT_TEAM = C2V5J4RN72;
				GENERATE_INFOPLIST_FILE = YES;
				INFOPLIST_FILE = "Century-Score-Manager-UIKit/Info.plist";
				INFOPLIST_KEY_UIApplicationSupportsIndirectInputEvents = YES;
				INFOPLIST_KEY_UILaunchStoryboardName = LaunchScreen;
				INFOPLIST_KEY_UIMainStoryboardFile = Main;
				INFOPLIST_KEY_UISupportedInterfaceOrientations_iPad = "UIInterfaceOrientationPortrait UIInterfaceOrientationPortraitUpsideDown UIInterfaceOrientationLandscapeLeft UIInterfaceOrientationLandscapeRight";
				INFOPLIST_KEY_UISupportedInterfaceOrientations_iPhone = "UIInterfaceOrientationPortrait UIInterfaceOrientationLandscapeLeft UIInterfaceOrientationLandscapeRight";
				LD_RUNPATH_SEARCH_PATHS = (
					"$(inherited)",
					"@executable_path/Frameworks",
				);
				MARKETING_VERSION = 1.0;
				PRODUCT_BUNDLE_IDENTIFIER = "com.sideprojects.Century-Score-Manager-UIKit";
				PRODUCT_NAME = "$(TARGET_NAME)";
				SWIFT_EMIT_LOC_STRINGS = YES;
				SWIFT_VERSION = 5.0;
				TARGETED_DEVICE_FAMILY = "1,2";
			};
			name = Release;
		};
		26290F3A2AD42579004D3B54 /* Debug */ = {
			isa = XCBuildConfiguration;
			buildSettings = {
				ALWAYS_EMBED_SWIFT_STANDARD_LIBRARIES = YES;
				BUNDLE_LOADER = "$(TEST_HOST)";
				CODE_SIGN_STYLE = Automatic;
				CURRENT_PROJECT_VERSION = 1;
				DEVELOPMENT_TEAM = C2V5J4RN72;
				GENERATE_INFOPLIST_FILE = YES;
				IPHONEOS_DEPLOYMENT_TARGET = 17.0;
				MARKETING_VERSION = 1.0;
				PRODUCT_BUNDLE_IDENTIFIER = "com.sideprojects.Century-Score-Manager-UIKitTests";
				PRODUCT_NAME = "$(TARGET_NAME)";
				SWIFT_EMIT_LOC_STRINGS = NO;
				SWIFT_VERSION = 5.0;
				TARGETED_DEVICE_FAMILY = "1,2";
				TEST_HOST = "$(BUILT_PRODUCTS_DIR)/Century-Score-Manager-UIKit.app/$(BUNDLE_EXECUTABLE_FOLDER_PATH)/Century-Score-Manager-UIKit";
			};
			name = Debug;
		};
		26290F3B2AD42579004D3B54 /* Release */ = {
			isa = XCBuildConfiguration;
			buildSettings = {
				ALWAYS_EMBED_SWIFT_STANDARD_LIBRARIES = YES;
				BUNDLE_LOADER = "$(TEST_HOST)";
				CODE_SIGN_STYLE = Automatic;
				CURRENT_PROJECT_VERSION = 1;
				DEVELOPMENT_TEAM = C2V5J4RN72;
				GENERATE_INFOPLIST_FILE = YES;
				IPHONEOS_DEPLOYMENT_TARGET = 17.0;
				MARKETING_VERSION = 1.0;
				PRODUCT_BUNDLE_IDENTIFIER = "com.sideprojects.Century-Score-Manager-UIKitTests";
				PRODUCT_NAME = "$(TARGET_NAME)";
				SWIFT_EMIT_LOC_STRINGS = NO;
				SWIFT_VERSION = 5.0;
				TARGETED_DEVICE_FAMILY = "1,2";
				TEST_HOST = "$(BUILT_PRODUCTS_DIR)/Century-Score-Manager-UIKit.app/$(BUNDLE_EXECUTABLE_FOLDER_PATH)/Century-Score-Manager-UIKit";
			};
			name = Release;
		};
		26290F3D2AD42579004D3B54 /* Debug */ = {
			isa = XCBuildConfiguration;
			buildSettings = {
				ALWAYS_EMBED_SWIFT_STANDARD_LIBRARIES = YES;
				CODE_SIGN_STYLE = Automatic;
				CURRENT_PROJECT_VERSION = 1;
				DEVELOPMENT_TEAM = C2V5J4RN72;
				GENERATE_INFOPLIST_FILE = YES;
				MARKETING_VERSION = 1.0;
				PRODUCT_BUNDLE_IDENTIFIER = "com.sideprojects.Century-Score-Manager-UIKitUITests";
				PRODUCT_NAME = "$(TARGET_NAME)";
				SWIFT_EMIT_LOC_STRINGS = NO;
				SWIFT_VERSION = 5.0;
				TARGETED_DEVICE_FAMILY = "1,2";
				TEST_TARGET_NAME = "Century-Score-Manager-UIKit";
			};
			name = Debug;
		};
		26290F3E2AD42579004D3B54 /* Release */ = {
			isa = XCBuildConfiguration;
			buildSettings = {
				ALWAYS_EMBED_SWIFT_STANDARD_LIBRARIES = YES;
				CODE_SIGN_STYLE = Automatic;
				CURRENT_PROJECT_VERSION = 1;
				DEVELOPMENT_TEAM = C2V5J4RN72;
				GENERATE_INFOPLIST_FILE = YES;
				MARKETING_VERSION = 1.0;
				PRODUCT_BUNDLE_IDENTIFIER = "com.sideprojects.Century-Score-Manager-UIKitUITests";
				PRODUCT_NAME = "$(TARGET_NAME)";
				SWIFT_EMIT_LOC_STRINGS = NO;
				SWIFT_VERSION = 5.0;
				TARGETED_DEVICE_FAMILY = "1,2";
				TEST_TARGET_NAME = "Century-Score-Manager-UIKit";
			};
			name = Release;
		};
/* End XCBuildConfiguration section */

/* Begin XCConfigurationList section */
		26290F072AD42578004D3B54 /* Build configuration list for PBXProject "Century-Score-Manager-UIKit" */ = {
			isa = XCConfigurationList;
			buildConfigurations = (
				26290F342AD42579004D3B54 /* Debug */,
				26290F352AD42579004D3B54 /* Release */,
			);
			defaultConfigurationIsVisible = 0;
			defaultConfigurationName = Release;
		};
		26290F362AD42579004D3B54 /* Build configuration list for PBXNativeTarget "Century-Score-Manager-UIKit" */ = {
			isa = XCConfigurationList;
			buildConfigurations = (
				26290F372AD42579004D3B54 /* Debug */,
				26290F382AD42579004D3B54 /* Release */,
			);
			defaultConfigurationIsVisible = 0;
			defaultConfigurationName = Release;
		};
		26290F392AD42579004D3B54 /* Build configuration list for PBXNativeTarget "Century-Score-Manager-UIKitTests" */ = {
			isa = XCConfigurationList;
			buildConfigurations = (
				26290F3A2AD42579004D3B54 /* Debug */,
				26290F3B2AD42579004D3B54 /* Release */,
			);
			defaultConfigurationIsVisible = 0;
			defaultConfigurationName = Release;
		};
		26290F3C2AD42579004D3B54 /* Build configuration list for PBXNativeTarget "Century-Score-Manager-UIKitUITests" */ = {
			isa = XCConfigurationList;
			buildConfigurations = (
				26290F3D2AD42579004D3B54 /* Debug */,
				26290F3E2AD42579004D3B54 /* Release */,
			);
			defaultConfigurationIsVisible = 0;
			defaultConfigurationName = Release;
		};
/* End XCConfigurationList section */
	};
	rootObject = 26290F042AD42578004D3B54 /* Project object */;
}
